
Microsoft Visual Studio Solution File, Format Version 12.00
# Visual Studio Version 17
VisualStudioVersion = 17.9.34902.65
MinimumVisualStudioVersion = 10.0.40219.1
Project("{9A19103F-16F7-4668-BE54-9A1E7A4F7556}") = "film-management-app.Test", "film-management-app.Test\film-management-app.Test.csproj", "{17663B94-9C3B-436C-A506-F1B8FA4FE23D}"
EndProject
Project("{9A19103F-16F7-4668-BE54-9A1E7A4F7556}") = "film-management-app", "film-management-app\film-management-app.csproj", "{CF26184D-9462-4965-AC4B-CE007FEF9EBD}"
EndProject
Global
	GlobalSection(SolutionConfigurationPlatforms) = preSolution
		Debug|Any CPU = Debug|Any CPU
		Release|Any CPU = Release|Any CPU
	EndGlobalSection
	GlobalSection(ProjectConfigurationPlatforms) = postSolution
		{17663B94-9C3B-436C-A506-F1B8FA4FE23D}.Debug|Any CPU.ActiveCfg = Debug|Any CPU
		{17663B94-9C3B-436C-A506-F1B8FA4FE23D}.Debug|Any CPU.Build.0 = Debug|Any CPU
		{17663B94-9C3B-436C-A506-F1B8FA4FE23D}.Release|Any CPU.ActiveCfg = Release|Any CPU
		{17663B94-9C3B-436C-A506-F1B8FA4FE23D}.Release|Any CPU.Build.0 = Release|Any CPU
		{CF26184D-9462-4965-AC4B-CE007FEF9EBD}.Debug|Any CPU.ActiveCfg = Debug|Any CPU
		{CF26184D-9462-4965-AC4B-CE007FEF9EBD}.Debug|Any CPU.Build.0 = Debug|Any CPU
		{CF26184D-9462-4965-AC4B-CE007FEF9EBD}.Release|Any CPU.ActiveCfg = Release|Any CPU
		{CF26184D-9462-4965-AC4B-CE007FEF9EBD}.Release|Any CPU.Build.0 = Release|Any CPU
	EndGlobalSection
	GlobalSection(SolutionProperties) = preSolution
		HideSolutionNode = FALSE
	EndGlobalSection
	GlobalSection(ExtensibilityGlobals) = postSolution
		SolutionGuid = {4162DE0B-3B1E-42F9-AAD8-36E1825B2E76}
	EndGlobalSection
EndGlobal
